// !$*UTF8*$!
{
	archiveVersion = 1;
	classes = {
	};
	objectVersion = 48;
	objects = {

/* Begin PBXBuildFile section */
		9FEE0DCE2044C9FE004B4A47 /* AppDelegate.swift in Sources */ = {isa = PBXBuildFile; fileRef = 9FEE0DCD2044C9FE004B4A47 /* AppDelegate.swift */; };
		9FEE0DD32044C9FE004B4A47 /* Main.storyboard in Resources */ = {isa = PBXBuildFile; fileRef = 9FEE0DD12044C9FE004B4A47 /* Main.storyboard */; };
		9FEE0DD52044C9FE004B4A47 /* Assets.xcassets in Resources */ = {isa = PBXBuildFile; fileRef = 9FEE0DD42044C9FE004B4A47 /* Assets.xcassets */; };
		9FEE0DD82044C9FE004B4A47 /* LaunchScreen.storyboard in Resources */ = {isa = PBXBuildFile; fileRef = 9FEE0DD62044C9FE004B4A47 /* LaunchScreen.storyboard */; };
		9FEE0DE22044CAB0004B4A47 /* CarsTableViewController.swift in Sources */ = {isa = PBXBuildFile; fileRef = 9FEE0DDF2044CAAF004B4A47 /* CarsTableViewController.swift */; };
		9FEE0DE32044CAB0004B4A47 /* AddEditViewController.swift in Sources */ = {isa = PBXBuildFile; fileRef = 9FEE0DE02044CAAF004B4A47 /* AddEditViewController.swift */; };
		9FEE0DE42044CAB0004B4A47 /* CarViewController.swift in Sources */ = {isa = PBXBuildFile; fileRef = 9FEE0DE12044CAB0004B4A47 /* CarViewController.swift */; };
		9FEE0DE72044CC1A004B4A47 /* Car.swift in Sources */ = {isa = PBXBuildFile; fileRef = 9FEE0DE52044CC1A004B4A47 /* Car.swift */; };
		9FEE0DE82044CC1A004B4A47 /* REST.swift in Sources */ = {isa = PBXBuildFile; fileRef = 9FEE0DE62044CC1A004B4A47 /* REST.swift */; };
/* End PBXBuildFile section */

/* Begin PBXFileReference section */
		9FEE0DCA2044C9FE004B4A47 /* Cars.app */ = {isa = PBXFileReference; explicitFileType = wrapper.application; includeInIndex = 0; path = Cars.app; sourceTree = BUILT_PRODUCTS_DIR; };
		9FEE0DCD2044C9FE004B4A47 /* AppDelegate.swift */ = {isa = PBXFileReference; lastKnownFileType = sourcecode.swift; path = AppDelegate.swift; sourceTree = "<group>"; };
		9FEE0DD22044C9FE004B4A47 /* Base */ = {isa = PBXFileReference; lastKnownFileType = file.storyboard; name = Base; path = Base.lproj/Main.storyboard; sourceTree = "<group>"; };
		9FEE0DD42044C9FE004B4A47 /* Assets.xcassets */ = {isa = PBXFileReference; lastKnownFileType = folder.assetcatalog; path = Assets.xcassets; sourceTree = "<group>"; };
		9FEE0DD72044C9FE004B4A47 /* Base */ = {isa = PBXFileReference; lastKnownFileType = file.storyboard; name = Base; path = Base.lproj/LaunchScreen.storyboard; sourceTree = "<group>"; };
		9FEE0DD92044C9FE004B4A47 /* Info.plist */ = {isa = PBXFileReference; lastKnownFileType = text.plist.xml; path = Info.plist; sourceTree = "<group>"; };
		9FEE0DDF2044CAAF004B4A47 /* CarsTableViewController.swift */ = {isa = PBXFileReference; fileEncoding = 4; lastKnownFileType = sourcecode.swift; path = CarsTableViewController.swift; sourceTree = "<group>"; };
		9FEE0DE02044CAAF004B4A47 /* AddEditViewController.swift */ = {isa = PBXFileReference; fileEncoding = 4; lastKnownFileType = sourcecode.swift; path = AddEditViewController.swift; sourceTree = "<group>"; };
		9FEE0DE12044CAB0004B4A47 /* CarViewController.swift */ = {isa = PBXFileReference; fileEncoding = 4; lastKnownFileType = sourcecode.swift; path = CarViewController.swift; sourceTree = "<group>"; };
		9FEE0DE52044CC1A004B4A47 /* Car.swift */ = {isa = PBXFileReference; fileEncoding = 4; lastKnownFileType = sourcecode.swift; path = Car.swift; sourceTree = "<group>"; };
		9FEE0DE62044CC1A004B4A47 /* REST.swift */ = {isa = PBXFileReference; fileEncoding = 4; lastKnownFileType = sourcecode.swift; path = REST.swift; sourceTree = "<group>"; };
/* End PBXFileReference section */

/* Begin PBXFrameworksBuildPhase section */
		9FEE0DC72044C9FE004B4A47 /* Frameworks */ = {
			isa = PBXFrameworksBuildPhase;
			buildActionMask = 2147483647;
			files = (
			);
			runOnlyForDeploymentPostprocessing = 0;
		};
/* End PBXFrameworksBuildPhase section */

/* Begin PBXGroup section */
		9FEE0DC12044C9FE004B4A47 = {
			isa = PBXGroup;
			children = (
				9FEE0DCC2044C9FE004B4A47 /* Cars */,
				9FEE0DCB2044C9FE004B4A47 /* Products */,
			);
			sourceTree = "<group>";
		};
		9FEE0DCB2044C9FE004B4A47 /* Products */ = {
			isa = PBXGroup;
			children = (
				9FEE0DCA2044C9FE004B4A47 /* Cars.app */,
			);
			name = Products;
			sourceTree = "<group>";
		};
		9FEE0DCC2044C9FE004B4A47 /* Cars */ = {
			isa = PBXGroup;
			children = (
				9FEE0DE52044CC1A004B4A47 /* Car.swift */,
				9FEE0DE62044CC1A004B4A47 /* REST.swift */,
				9FEE0DE02044CAAF004B4A47 /* AddEditViewController.swift */,
				9FEE0DDF2044CAAF004B4A47 /* CarsTableViewController.swift */,
				9FEE0DE12044CAB0004B4A47 /* CarViewController.swift */,
				9FEE0DCD2044C9FE004B4A47 /* AppDelegate.swift */,
				9FEE0DD12044C9FE004B4A47 /* Main.storyboard */,
				9FEE0DD42044C9FE004B4A47 /* Assets.xcassets */,
				9FEE0DD62044C9FE004B4A47 /* LaunchScreen.storyboard */,
				9FEE0DD92044C9FE004B4A47 /* Info.plist */,
			);
			path = Cars;
			sourceTree = "<group>";
		};
/* End PBXGroup section */

/* Begin PBXNativeTarget section */
		9FEE0DC92044C9FE004B4A47 /* Cars */ = {
			isa = PBXNativeTarget;
			buildConfigurationList = 9FEE0DDC2044C9FE004B4A47 /* Build configuration list for PBXNativeTarget "Cars" */;
			buildPhases = (
				9FEE0DC62044C9FE004B4A47 /* Sources */,
				9FEE0DC72044C9FE004B4A47 /* Frameworks */,
				9FEE0DC82044C9FE004B4A47 /* Resources */,
			);
			buildRules = (
			);
			dependencies = (
			);
			name = Cars;
			productName = Cars;
			productReference = 9FEE0DCA2044C9FE004B4A47 /* Cars.app */;
			productType = "com.apple.product-type.application";
		};
/* End PBXNativeTarget section */

/* Begin PBXProject section */
		9FEE0DC22044C9FE004B4A47 /* Project object */ = {
			isa = PBXProject;
			attributes = {
				LastSwiftUpdateCheck = 0920;
				LastUpgradeCheck = 0920;
				ORGANIZATIONNAME = "Bárbara Souza";
				TargetAttributes = {
					9FEE0DC92044C9FE004B4A47 = {
						CreatedOnToolsVersion = 9.2;
						ProvisioningStyle = Automatic;
					};
				};
			};
			buildConfigurationList = 9FEE0DC52044C9FE004B4A47 /* Build configuration list for PBXProject "Cars" */;
			compatibilityVersion = "Xcode 8.0";
			developmentRegion = en;
			hasScannedForEncodings = 0;
			knownRegions = (
				en,
				Base,
			);
			mainGroup = 9FEE0DC12044C9FE004B4A47;
			productRefGroup = 9FEE0DCB2044C9FE004B4A47 /* Products */;
			projectDirPath = "";
			projectRoot = "";
			targets = (
				9FEE0DC92044C9FE004B4A47 /* Cars */,
			);
		};
/* End PBXProject section */

/* Begin PBXResourcesBuildPhase section */
		9FEE0DC82044C9FE004B4A47 /* Resources */ = {
			isa = PBXResourcesBuildPhase;
			buildActionMask = 2147483647;
			files = (
				9FEE0DD82044C9FE004B4A47 /* LaunchScreen.storyboard in Resources */,
				9FEE0DD52044C9FE004B4A47 /* Assets.xcassets in Resources */,
				9FEE0DD32044C9FE004B4A47 /* Main.storyboard in Resources */,
			);
			runOnlyForDeploymentPostprocessing = 0;
		};
/* End PBXResourcesBuildPhase section */

/* Begin PBXSourcesBuildPhase section */
		9FEE0DC62044C9FE004B4A47 /* Sources */ = {
			isa = PBXSourcesBuildPhase;
			buildActionMask = 2147483647;
			files = (
				9FEE0DE22044CAB0004B4A47 /* CarsTableViewController.swift in Sources */,
				9FEE0DE82044CC1A004B4A47 /* REST.swift in Sources */,
				9FEE0DCE2044C9FE004B4A47 /* AppDelegate.swift in Sources */,
				9FEE0DE72044CC1A004B4A47 /* Car.swift in Sources */,
				9FEE0DE32044CAB0004B4A47 /* AddEditViewController.swift in Sources */,
				9FEE0DE42044CAB0004B4A47 /* CarViewController.swift in Sources */,
			);
			runOnlyForDeploymentPostprocessing = 0;
		};
/* End PBXSourcesBuildPhase section */

/* Begin PBXVariantGroup section */
		9FEE0DD12044C9FE004B4A47 /* Main.storyboard */ = {
			isa = PBXVariantGroup;
			children = (
				9FEE0DD22044C9FE004B4A47 /* Base */,
			);
			name = Main.storyboard;
			sourceTree = "<group>";
		};
		9FEE0DD62044C9FE004B4A47 /* LaunchScreen.storyboard */ = {
			isa = PBXVariantGroup;
			children = (
				9FEE0DD72044C9FE004B4A47 /* Base */,
			);
			name = LaunchScreen.storyboard;
			sourceTree = "<group>";
		};
/* End PBXVariantGroup section */

/* Begin XCBuildConfiguration section */
		9FEE0DDA2044C9FE004B4A47 /* Debug */ = {
			isa = XCBuildConfiguration;
			buildSettings = {
				ALWAYS_SEARCH_USER_PATHS = NO;
				CLANG_ANALYZER_NONNULL = YES;
				CLANG_ANALYZER_NUMBER_OBJECT_CONVERSION = YES_AGGRESSIVE;
				CLANG_CXX_LANGUAGE_STANDARD = "gnu++14";
				CLANG_CXX_LIBRARY = "libc++";
				CLANG_ENABLE_MODULES = YES;
				CLANG_ENABLE_OBJC_ARC = YES;
				CLANG_WARN_BLOCK_CAPTURE_AUTORELEASING = YES;
				CLANG_WARN_BOOL_CONVERSION = YES;
				CLANG_WARN_COMMA = YES;
				CLANG_WARN_CONSTANT_CONVERSION = YES;
				CLANG_WARN_DIRECT_OBJC_ISA_USAGE = YES_ERROR;
				CLANG_WARN_DOCUMENTATION_COMMENTS = YES;
				CLANG_WARN_EMPTY_BODY = YES;
				CLANG_WARN_ENUM_CONVERSION = YES;
				CLANG_WARN_INFINITE_RECURSION = YES;
				CLANG_WARN_INT_CONVERSION = YES;
				CLANG_WARN_NON_LITERAL_NULL_CONVERSION = YES;
				CLANG_WARN_OBJC_LITERAL_CONVERSION = YES;
				CLANG_WARN_OBJC_ROOT_CLASS = YES_ERROR;
				CLANG_WARN_RANGE_LOOP_ANALYSIS = YES;
				CLANG_WARN_STRICT_PROTOTYPES = YES;
				CLANG_WARN_SUSPICIOUS_MOVE = YES;
				CLANG_WARN_UNGUARDED_AVAILABILITY = YES_AGGRESSIVE;
				CLANG_WARN_UNREACHABLE_CODE = YES;
				CLANG_WARN__DUPLICATE_METHOD_MATCH = YES;
				CODE_SIGN_IDENTITY = "iPhone Developer";
				COPY_PHASE_STRIP = NO;
				DEBUG_INFORMATION_FORMAT = dwarf;
				ENABLE_STRICT_OBJC_MSGSEND = YES;
				ENABLE_TESTABILITY = YES;
				GCC_C_LANGUAGE_STANDARD = gnu11;
				GCC_DYNAMIC_NO_PIC = NO;
				GCC_NO_COMMON_BLOCKS = YES;
				GCC_OPTIMIZATION_LEVEL = 0;
				GCC_PREPROCESSOR_DEFINITIONS = (
					"DEBUG=1",
					"$(inherited)",
				);
				GCC_WARN_64_TO_32_BIT_CONVERSION = YES;
				GCC_WARN_ABOUT_RETURN_TYPE = YES_ERROR;
				GCC_WARN_UNDECLARED_SELECTOR = YES;
				GCC_WARN_UNINITIALIZED_AUTOS = YES_AGGRESSIVE;
				GCC_WARN_UNUSED_FUNCTION = YES;
				GCC_WARN_UNUSED_VARIABLE = YES;
				IPHONEOS_DEPLOYMENT_TARGET = 11.2;
				MTL_ENABLE_DEBUG_INFO = YES;
				ONLY_ACTIVE_ARCH = YES;
				SDKROOT = iphoneos;
				SWIFT_ACTIVE_COMPILATION_CONDITIONS = DEBUG;
				SWIFT_OPTIMIZATION_LEVEL = "-Onone";
			};
			name = Debug;
		};
		9FEE0DDB2044C9FE004B4A47 /* Release */ = {
			isa = XCBuildConfiguration;
			buildSettings = {
				ALWAYS_SEARCH_USER_PATHS = NO;
				CLANG_ANALYZER_NONNULL = YES;
				CLANG_ANALYZER_NUMBER_OBJECT_CONVERSION = YES_AGGRESSIVE;
				CLANG_CXX_LANGUAGE_STANDARD = "gnu++14";
				CLANG_CXX_LIBRARY = "libc++";
				CLANG_ENABLE_MODULES = YES;
				CLANG_ENABLE_OBJC_ARC = YES;
				CLANG_WARN_BLOCK_CAPTURE_AUTORELEASING = YES;
				CLANG_WARN_BOOL_CONVERSION = YES;
				CLANG_WARN_COMMA = YES;
				CLANG_WARN_CONSTANT_CONVERSION = YES;
				CLANG_WARN_DIRECT_OBJC_ISA_USAGE = YES_ERROR;
				CLANG_WARN_DOCUMENTATION_COMMENTS = YES;
				CLANG_WARN_EMPTY_BODY = YES;
				CLANG_WARN_ENUM_CONVERSION = YES;
				CLANG_WARN_INFINITE_RECURSION = YES;
				CLANG_WARN_INT_CONVERSION = YES;
				CLANG_WARN_NON_LITERAL_NULL_CONVERSION = YES;
				CLANG_WARN_OBJC_LITERAL_CONVERSION = YES;
				CLANG_WARN_OBJC_ROOT_CLASS = YES_ERROR;
				CLANG_WARN_RANGE_LOOP_ANALYSIS = YES;
				CLANG_WARN_STRICT_PROTOTYPES = YES;
				CLANG_WARN_SUSPICIOUS_MOVE = YES;
				CLANG_WARN_UNGUARDED_AVAILABILITY = YES_AGGRESSIVE;
				CLANG_WARN_UNREACHABLE_CODE = YES;
				CLANG_WARN__DUPLICATE_METHOD_MATCH = YES;
				CODE_SIGN_IDENTITY = "iPhone Developer";
				COPY_PHASE_STRIP = NO;
				DEBUG_INFORMATION_FORMAT = "dwarf-with-dsym";
				ENABLE_NS_ASSERTIONS = NO;
				ENABLE_STRICT_OBJC_MSGSEND = YES;
				GCC_C_LANGUAGE_STANDARD = gnu11;
				GCC_NO_COMMON_BLOCKS = YES;
				GCC_WARN_64_TO_32_BIT_CONVERSION = YES;
				GCC_WARN_ABOUT_RETURN_TYPE = YES_ERROR;
				GCC_WARN_UNDECLARED_SELECTOR = YES;
				GCC_WARN_UNINITIALIZED_AUTOS = YES_AGGRESSIVE;
				GCC_WARN_UNUSED_FUNCTION = YES;
				GCC_WARN_UNUSED_VARIABLE = YES;
				IPHONEOS_DEPLOYMENT_TARGET = 11.2;
				MTL_ENABLE_DEBUG_INFO = NO;
				SDKROOT = iphoneos;
				SWIFT_OPTIMIZATION_LEVEL = "-Owholemodule";
				VALIDATE_PRODUCT = YES;
			};
			name = Release;
		};
		9FEE0DDD2044C9FE004B4A47 /* Debug */ = {
			isa = XCBuildConfiguration;
			buildSettings = {
				ASSETCATALOG_COMPILER_APPICON_NAME = AppIcon;
				CODE_SIGN_STYLE = Automatic;
				DEVELOPMENT_TEAM = MD42R8FHUC;
				INFOPLIST_FILE = Cars/Info.plist;
				IPHONEOS_DEPLOYMENT_TARGET = 11.0;
				LD_RUNPATH_SEARCH_PATHS = "$(inherited) @executable_path/Frameworks";
				PRODUCT_BUNDLE_IDENTIFIER = br.btas.Cars;
				PRODUCT_NAME = "$(TARGET_NAME)";
				SWIFT_VERSION = 4.0;
				TARGETED_DEVICE_FAMILY = "1,2";
			};
			name = Debug;
		};
		9FEE0DDE2044C9FE004B4A47 /* Release */ = {
			isa = XCBuildConfiguration;
			buildSettings = {
				ASSETCATALOG_COMPILER_APPICON_NAME = AppIcon;
				CODE_SIGN_STYLE = Automatic;
				DEVELOPMENT_TEAM = MD42R8FHUC;
				INFOPLIST_FILE = Cars/Info.plist;
				IPHONEOS_DEPLOYMENT_TARGET = 11.0;
				LD_RUNPATH_SEARCH_PATHS = "$(inherited) @executable_path/Frameworks";
				PRODUCT_BUNDLE_IDENTIFIER = br.btas.Cars;
				PRODUCT_NAME = "$(TARGET_NAME)";
				SWIFT_VERSION = 4.0;
				TARGETED_DEVICE_FAMILY = "1,2";
			};
			name = Release;
		};
/* End XCBuildConfiguration section */

/* Begin XCConfigurationList section */
		9FEE0DC52044C9FE004B4A47 /* Build configuration list for PBXProject "Cars" */ = {
			isa = XCConfigurationList;
			buildConfigurations = (
				9FEE0DDA2044C9FE004B4A47 /* Debug */,
				9FEE0DDB2044C9FE004B4A47 /* Release */,
			);
			defaultConfigurationIsVisible = 0;
			defaultConfigurationName = Release;
		};
		9FEE0DDC2044C9FE004B4A47 /* Build configuration list for PBXNativeTarget "Cars" */ = {
			isa = XCConfigurationList;
			buildConfigurations = (
				9FEE0DDD2044C9FE004B4A47 /* Debug */,
				9FEE0DDE2044C9FE004B4A47 /* Release */,
			);
			defaultConfigurationIsVisible = 0;
			defaultConfigurationName = Release;
		};
/* End XCConfigurationList section */
	};
	rootObject = 9FEE0DC22044C9FE004B4A47 /* Project object */;
}
